
Microsoft Visual Studio Solution File, Format Version 12.00
# Visual Studio Version 17
VisualStudioVersion = 17.4.33122.133
MinimumVisualStudioVersion = 10.0.40219.1
Project("{FAE04EC0-301F-11D3-BF4B-00C04F79EFBC}") = "IntegrationLayer_GUI", "IntegrationLayer_GUI\IntegrationLayer_GUI.csproj", "{10B081BF-998A-4118-942C-E0AEA971AC1B}"
EndProject
Global
	GlobalSection(SolutionConfigurationPlatforms) = preSolution
		Debug|Any CPU = Debug|Any CPU
		Release|Any CPU = Release|Any CPU
	EndGlobalSection
	GlobalSection(ProjectConfigurationPlatforms) = postSolution
		{10B081BF-998A-4118-942C-E0AEA971AC1B}.Debug|Any CPU.ActiveCfg = Debug|Any CPU
		{10B081BF-998A-4118-942C-E0AEA971AC1B}.Debug|Any CPU.Build.0 = Debug|Any CPU
		{10B081BF-998A-4118-942C-E0AEA971AC1B}.Release|Any CPU.ActiveCfg = Release|Any CPU
		{10B081BF-998A-4118-942C-E0AEA971AC1B}.Release|Any CPU.Build.0 = Release|Any CPU
	EndGlobalSection
	GlobalSection(SolutionProperties) = preSolution
		HideSolutionNode = FALSE
	EndGlobalSection
	GlobalSection(ExtensibilityGlobals) = postSolution
		SolutionGuid = {0B67FE9C-751C-4E89-B607-54D9FEBAD4B7}
	EndGlobalSection
EndGlobal
